
Microsoft Visual Studio Solution File, Format Version 12.00
# Visual Studio Version 17
VisualStudioVersion = 17.8.34330.188
MinimumVisualStudioVersion = 10.0.40219.1
Project("{FAE04EC0-301F-11D3-BF4B-00C04F79EFBC}") = "GUI", "Final_Exam\GUI.csproj", "{E20DA030-2468-4640-AF69-6A07D9C73594}"
EndProject
Project("{FAE04EC0-301F-11D3-BF4B-00C04F79EFBC}") = "BUS", "BUS\BUS.csproj", "{C6055DE6-1945-4418-9A08-9A42EB8F8DEB}"
EndProject
Project("{FAE04EC0-301F-11D3-BF4B-00C04F79EFBC}") = "DAL", "DAL\DAL.csproj", "{D215B923-9E72-4025-BC05-D271577112C4}"
EndProject
Project("{FAE04EC0-301F-11D3-BF4B-00C04F79EFBC}") = "DTO", "DTO\DTO.csproj", "{95C2547F-52AF-4019-8F5C-87EE0AE5AC2C}"
EndProject
Project("{2150E333-8FDC-42A3-9474-1A3956D46DE8}") = "Solution Items", "Solution Items", "{2BE11B00-5DA1-4B16-8D14-35B53DC93D6C}"
	ProjectSection(SolutionItems) = preProject
		Final_Exam\Final_SE_Querysql.sql = Final_Exam\Final_SE_Querysql.sql
		ResizeMovable\ResizeMovable\MakeMovable.cs = ResizeMovable\ResizeMovable\MakeMovable.cs
	EndProjectSection
EndProject
Global
	GlobalSection(SolutionConfigurationPlatforms) = preSolution
		Debug|Any CPU = Debug|Any CPU
		Release|Any CPU = Release|Any CPU
	EndGlobalSection
	GlobalSection(ProjectConfigurationPlatforms) = postSolution
		{E20DA030-2468-4640-AF69-6A07D9C73594}.Debug|Any CPU.ActiveCfg = Debug|Any CPU
		{E20DA030-2468-4640-AF69-6A07D9C73594}.Debug|Any CPU.Build.0 = Debug|Any CPU
		{E20DA030-2468-4640-AF69-6A07D9C73594}.Release|Any CPU.ActiveCfg = Release|Any CPU
		{E20DA030-2468-4640-AF69-6A07D9C73594}.Release|Any CPU.Build.0 = Release|Any CPU
		{C6055DE6-1945-4418-9A08-9A42EB8F8DEB}.Debug|Any CPU.ActiveCfg = Debug|Any CPU
		{C6055DE6-1945-4418-9A08-9A42EB8F8DEB}.Debug|Any CPU.Build.0 = Debug|Any CPU
		{C6055DE6-1945-4418-9A08-9A42EB8F8DEB}.Release|Any CPU.ActiveCfg = Release|Any CPU
		{C6055DE6-1945-4418-9A08-9A42EB8F8DEB}.Release|Any CPU.Build.0 = Release|Any CPU
		{D215B923-9E72-4025-BC05-D271577112C4}.Debug|Any CPU.ActiveCfg = Debug|Any CPU
		{D215B923-9E72-4025-BC05-D271577112C4}.Debug|Any CPU.Build.0 = Debug|Any CPU
		{D215B923-9E72-4025-BC05-D271577112C4}.Release|Any CPU.ActiveCfg = Release|Any CPU
		{D215B923-9E72-4025-BC05-D271577112C4}.Release|Any CPU.Build.0 = Release|Any CPU
		{95C2547F-52AF-4019-8F5C-87EE0AE5AC2C}.Debug|Any CPU.ActiveCfg = Debug|Any CPU
		{95C2547F-52AF-4019-8F5C-87EE0AE5AC2C}.Debug|Any CPU.Build.0 = Debug|Any CPU
		{95C2547F-52AF-4019-8F5C-87EE0AE5AC2C}.Release|Any CPU.ActiveCfg = Release|Any CPU
		{95C2547F-52AF-4019-8F5C-87EE0AE5AC2C}.Release|Any CPU.Build.0 = Release|Any CPU
	EndGlobalSection
	GlobalSection(SolutionProperties) = preSolution
		HideSolutionNode = FALSE
	EndGlobalSection
	GlobalSection(ExtensibilityGlobals) = postSolution
		SolutionGuid = {5F11CB7E-8D6F-468C-B39C-C760F5B8F77B}
	EndGlobalSection
EndGlobal
